
Microsoft Visual Studio Solution File, Format Version 12.00
# Visual Studio Version 16
VisualStudioVersion = 16.0.29021.104
MinimumVisualStudioVersion = 10.0.40219.1
Project("{FAE04EC0-301F-11D3-BF4B-00C04F79EFBC}") = "Common", "Common.csproj", "{766FF89D-A22F-44EB-8500-BD52B299BC1D}"
EndProject
Project("{FAE04EC0-301F-11D3-BF4B-00C04F79EFBC}") = "Curvilinear", "Curvilinear\Curvilinear.csproj", "{2934EB30-70E0-4EE7-8034-995F04463924}"
EndProject
Project("{FAE04EC0-301F-11D3-BF4B-00C04F79EFBC}") = "RandomValue", "RandomValue\RandomValue.csproj", "{B91689EA-A238-4CBF-9383-CD3E8F31180F}"
EndProject
Global
	GlobalSection(SolutionConfigurationPlatforms) = preSolution
		Debug|Any CPU = Debug|Any CPU
		Release|Any CPU = Release|Any CPU
	EndGlobalSection
	GlobalSection(ProjectConfigurationPlatforms) = postSolution
		{766FF89D-A22F-44EB-8500-BD52B299BC1D}.Debug|Any CPU.ActiveCfg = Debug|Any CPU
		{766FF89D-A22F-44EB-8500-BD52B299BC1D}.Debug|Any CPU.Build.0 = Debug|Any CPU
		{766FF89D-A22F-44EB-8500-BD52B299BC1D}.Release|Any CPU.ActiveCfg = Release|Any CPU
		{766FF89D-A22F-44EB-8500-BD52B299BC1D}.Release|Any CPU.Build.0 = Release|Any CPU
		{2934EB30-70E0-4EE7-8034-995F04463924}.Debug|Any CPU.ActiveCfg = Debug|Any CPU
		{2934EB30-70E0-4EE7-8034-995F04463924}.Debug|Any CPU.Build.0 = Debug|Any CPU
		{2934EB30-70E0-4EE7-8034-995F04463924}.Release|Any CPU.ActiveCfg = Release|Any CPU
		{2934EB30-70E0-4EE7-8034-995F04463924}.Release|Any CPU.Build.0 = Release|Any CPU
		{B91689EA-A238-4CBF-9383-CD3E8F31180F}.Debug|Any CPU.ActiveCfg = Debug|Any CPU
		{B91689EA-A238-4CBF-9383-CD3E8F31180F}.Debug|Any CPU.Build.0 = Debug|Any CPU
		{B91689EA-A238-4CBF-9383-CD3E8F31180F}.Release|Any CPU.ActiveCfg = Release|Any CPU
		{B91689EA-A238-4CBF-9383-CD3E8F31180F}.Release|Any CPU.Build.0 = Release|Any CPU
	EndGlobalSection
	GlobalSection(SolutionProperties) = preSolution
		HideSolutionNode = FALSE
	EndGlobalSection
	GlobalSection(ExtensibilityGlobals) = postSolution
		SolutionGuid = {C4BFB3D0-A22B-4AC9-928C-5CB471E9AC19}
	EndGlobalSection
EndGlobal
